{
  "originHash" : "beed1e331f4317d85c0357f958669dce7b5f1d9cc32560c6bfc58a1cf6003c39",
  "pins" : [
    {
      "identity" : "nvactivityindicatorview",
      "kind" : "remoteSourceControl",
      "location" : "https://github.com/ninjaprox/NVActivityIndicatorView.git",
      "state" : {
        "revision" : "121455c4e630fcb95aaefd7e4257b0c2e3cfe6d5",
        "version" : "5.2.0"
      }
    }
  ],
  "version" : 3
}
